
Microsoft Visual Studio Solution File, Format Version 12.00
# Visual Studio Version 16
VisualStudioVersion = 16.0.31019.35
MinimumVisualStudioVersion = 10.0.40219.1
Project("{9A19103F-16F7-4668-BE54-9A1E7A4F7556}") = "SI_MicroServicos", "SI_MicroServicos.csproj", "{AABE3FDB-0E4E-4FD2-92E2-DA5760D94ABD}"
EndProject
Global
	GlobalSection(SolutionConfigurationPlatforms) = preSolution
		Debug|Any CPU = Debug|Any CPU
		Release|Any CPU = Release|Any CPU
	EndGlobalSection
	GlobalSection(ProjectConfigurationPlatforms) = postSolution
		{AABE3FDB-0E4E-4FD2-92E2-DA5760D94ABD}.Debug|Any CPU.ActiveCfg = Debug|Any CPU
		{AABE3FDB-0E4E-4FD2-92E2-DA5760D94ABD}.Debug|Any CPU.Build.0 = Debug|Any CPU
		{AABE3FDB-0E4E-4FD2-92E2-DA5760D94ABD}.Release|Any CPU.ActiveCfg = Release|Any CPU
		{AABE3FDB-0E4E-4FD2-92E2-DA5760D94ABD}.Release|Any CPU.Build.0 = Release|Any CPU
	EndGlobalSection
	GlobalSection(SolutionProperties) = preSolution
		HideSolutionNode = FALSE
	EndGlobalSection
	GlobalSection(ExtensibilityGlobals) = postSolution
		SolutionGuid = {D0CF3E07-C03D-428E-BB96-0533F048216B}
	EndGlobalSection
EndGlobal
